
Microsoft Visual Studio Solution File, Format Version 12.00
# Visual Studio Version 16
VisualStudioVersion = 16.0.31729.503
MinimumVisualStudioVersion = 10.0.40219.1
Project("{FAE04EC0-301F-11D3-BF4B-00C04F79EFBC}") = "BloodKoshh", "BloodKoshh.csproj", "{91E4E0BE-765E-46DE-9E47-09EA0A3AB3CA}"
EndProject
Global
	GlobalSection(SolutionConfigurationPlatforms) = preSolution
		Debug|Any CPU = Debug|Any CPU
		Release|Any CPU = Release|Any CPU
	EndGlobalSection
	GlobalSection(ProjectConfigurationPlatforms) = postSolution
		{91E4E0BE-765E-46DE-9E47-09EA0A3AB3CA}.Debug|Any CPU.ActiveCfg = Debug|Any CPU
		{91E4E0BE-765E-46DE-9E47-09EA0A3AB3CA}.Debug|Any CPU.Build.0 = Debug|Any CPU
		{91E4E0BE-765E-46DE-9E47-09EA0A3AB3CA}.Release|Any CPU.ActiveCfg = Release|Any CPU
		{91E4E0BE-765E-46DE-9E47-09EA0A3AB3CA}.Release|Any CPU.Build.0 = Release|Any CPU
	EndGlobalSection
	GlobalSection(SolutionProperties) = preSolution
		HideSolutionNode = FALSE
	EndGlobalSection
	GlobalSection(ExtensibilityGlobals) = postSolution
		SolutionGuid = {3CF52F13-7FEF-4BCD-81A3-D9F98D8789BE}
	EndGlobalSection
EndGlobal
